
Microsoft Visual Studio Solution File, Format Version 12.00
# Visual Studio Version 16
VisualStudioVersion = 16.0.31515.178
MinimumVisualStudioVersion = 10.0.40219.1
Project("{9A19103F-16F7-4668-BE54-9A1E7A4F7556}") = "Entities", "Entities\Entities.csproj", "{4282A8ED-68F3-40C6-8E6E-A049DB0535AD}"
EndProject
Project("{9A19103F-16F7-4668-BE54-9A1E7A4F7556}") = "Repos", "Repos\Repos.csproj", "{9AB3C2D9-3DDD-4ED6-87F7-C5BE45B60484}"
EndProject
Project("{9A19103F-16F7-4668-BE54-9A1E7A4F7556}") = "WebApp", "WebApp\WebApp.csproj", "{6BA4D852-4D87-4DBF-AECC-F73829BB25B0}"
EndProject
Project("{9A19103F-16F7-4668-BE54-9A1E7A4F7556}") = "Services", "Services\Services.csproj", "{1A6B6788-3264-45FB-8BE5-C6CF15E261DD}"
EndProject
Project("{9A19103F-16F7-4668-BE54-9A1E7A4F7556}") = "Interfaces", "Interfaces\Interfaces.csproj", "{2A969232-E026-44B2-BF73-ABABCA40E0F1}"
EndProject
Global
	GlobalSection(SolutionConfigurationPlatforms) = preSolution
		Debug|Any CPU = Debug|Any CPU
		Release|Any CPU = Release|Any CPU
	EndGlobalSection
	GlobalSection(ProjectConfigurationPlatforms) = postSolution
		{4282A8ED-68F3-40C6-8E6E-A049DB0535AD}.Debug|Any CPU.ActiveCfg = Debug|Any CPU
		{4282A8ED-68F3-40C6-8E6E-A049DB0535AD}.Debug|Any CPU.Build.0 = Debug|Any CPU
		{4282A8ED-68F3-40C6-8E6E-A049DB0535AD}.Release|Any CPU.ActiveCfg = Release|Any CPU
		{4282A8ED-68F3-40C6-8E6E-A049DB0535AD}.Release|Any CPU.Build.0 = Release|Any CPU
		{9AB3C2D9-3DDD-4ED6-87F7-C5BE45B60484}.Debug|Any CPU.ActiveCfg = Debug|Any CPU
		{9AB3C2D9-3DDD-4ED6-87F7-C5BE45B60484}.Debug|Any CPU.Build.0 = Debug|Any CPU
		{9AB3C2D9-3DDD-4ED6-87F7-C5BE45B60484}.Release|Any CPU.ActiveCfg = Release|Any CPU
		{9AB3C2D9-3DDD-4ED6-87F7-C5BE45B60484}.Release|Any CPU.Build.0 = Release|Any CPU
		{6BA4D852-4D87-4DBF-AECC-F73829BB25B0}.Debug|Any CPU.ActiveCfg = Debug|Any CPU
		{6BA4D852-4D87-4DBF-AECC-F73829BB25B0}.Debug|Any CPU.Build.0 = Debug|Any CPU
		{6BA4D852-4D87-4DBF-AECC-F73829BB25B0}.Release|Any CPU.ActiveCfg = Release|Any CPU
		{6BA4D852-4D87-4DBF-AECC-F73829BB25B0}.Release|Any CPU.Build.0 = Release|Any CPU
		{1A6B6788-3264-45FB-8BE5-C6CF15E261DD}.Debug|Any CPU.ActiveCfg = Debug|Any CPU
		{1A6B6788-3264-45FB-8BE5-C6CF15E261DD}.Debug|Any CPU.Build.0 = Debug|Any CPU
		{1A6B6788-3264-45FB-8BE5-C6CF15E261DD}.Release|Any CPU.ActiveCfg = Release|Any CPU
		{1A6B6788-3264-45FB-8BE5-C6CF15E261DD}.Release|Any CPU.Build.0 = Release|Any CPU
		{2A969232-E026-44B2-BF73-ABABCA40E0F1}.Debug|Any CPU.ActiveCfg = Debug|Any CPU
		{2A969232-E026-44B2-BF73-ABABCA40E0F1}.Debug|Any CPU.Build.0 = Debug|Any CPU
		{2A969232-E026-44B2-BF73-ABABCA40E0F1}.Release|Any CPU.ActiveCfg = Release|Any CPU
		{2A969232-E026-44B2-BF73-ABABCA40E0F1}.Release|Any CPU.Build.0 = Release|Any CPU
	EndGlobalSection
	GlobalSection(SolutionProperties) = preSolution
		HideSolutionNode = FALSE
	EndGlobalSection
	GlobalSection(ExtensibilityGlobals) = postSolution
		SolutionGuid = {ED4C2B38-04DC-4A46-84E0-564F565DEBC6}
	EndGlobalSection
EndGlobal
